
Microsoft Visual Studio Solution File, Format Version 12.00
# Visual Studio Version 17
VisualStudioVersion = 17.11.35327.3
MinimumVisualStudioVersion = 10.0.40219.1
Project("{FAE04EC0-301F-11D3-BF4B-00C04F79EFBC}") = "eMuhasebeServer.Application", "eMuhasebeServer.Application\eMuhasebeServer.Application.csproj", "{726AF938-3540-47A9-BDA2-8063F4906E30}"
EndProject
Project("{FAE04EC0-301F-11D3-BF4B-00C04F79EFBC}") = "eMuhasebeServer.Domain", "eMuhasebeServer.Domain\eMuhasebeServer.Domain.csproj", "{68A685C1-2A14-4161-91DC-7CFDD61E909D}"
EndProject
Project("{FAE04EC0-301F-11D3-BF4B-00C04F79EFBC}") = "eMuhasebeServer.Infrastructure", "eMuhasebeServer.Infrastructure\eMuhasebeServer.Infrastructure.csproj", "{A31790C0-36A6-4A28-BDB6-C1C3CE75071F}"
EndProject
Project("{FAE04EC0-301F-11D3-BF4B-00C04F79EFBC}") = "eMuhasebeServer.WebAPI", "eMuhasebeServer.WebAPI\eMuhasebeServer.WebAPI.csproj", "{99F98649-B69A-40DF-9ACC-DF2266B2BD5D}"
EndProject
Global
	GlobalSection(SolutionConfigurationPlatforms) = preSolution
		Debug|Any CPU = Debug|Any CPU
		Release|Any CPU = Release|Any CPU
	EndGlobalSection
	GlobalSection(ProjectConfigurationPlatforms) = postSolution
		{726AF938-3540-47A9-BDA2-8063F4906E30}.Debug|Any CPU.ActiveCfg = Debug|Any CPU
		{726AF938-3540-47A9-BDA2-8063F4906E30}.Debug|Any CPU.Build.0 = Debug|Any CPU
		{726AF938-3540-47A9-BDA2-8063F4906E30}.Release|Any CPU.ActiveCfg = Release|Any CPU
		{726AF938-3540-47A9-BDA2-8063F4906E30}.Release|Any CPU.Build.0 = Release|Any CPU
		{68A685C1-2A14-4161-91DC-7CFDD61E909D}.Debug|Any CPU.ActiveCfg = Debug|Any CPU
		{68A685C1-2A14-4161-91DC-7CFDD61E909D}.Debug|Any CPU.Build.0 = Debug|Any CPU
		{68A685C1-2A14-4161-91DC-7CFDD61E909D}.Release|Any CPU.ActiveCfg = Release|Any CPU
		{68A685C1-2A14-4161-91DC-7CFDD61E909D}.Release|Any CPU.Build.0 = Release|Any CPU
		{A31790C0-36A6-4A28-BDB6-C1C3CE75071F}.Debug|Any CPU.ActiveCfg = Debug|Any CPU
		{A31790C0-36A6-4A28-BDB6-C1C3CE75071F}.Debug|Any CPU.Build.0 = Debug|Any CPU
		{A31790C0-36A6-4A28-BDB6-C1C3CE75071F}.Release|Any CPU.ActiveCfg = Release|Any CPU
		{A31790C0-36A6-4A28-BDB6-C1C3CE75071F}.Release|Any CPU.Build.0 = Release|Any CPU
		{99F98649-B69A-40DF-9ACC-DF2266B2BD5D}.Debug|Any CPU.ActiveCfg = Debug|Any CPU
		{99F98649-B69A-40DF-9ACC-DF2266B2BD5D}.Debug|Any CPU.Build.0 = Debug|Any CPU
		{99F98649-B69A-40DF-9ACC-DF2266B2BD5D}.Release|Any CPU.ActiveCfg = Release|Any CPU
		{99F98649-B69A-40DF-9ACC-DF2266B2BD5D}.Release|Any CPU.Build.0 = Release|Any CPU
	EndGlobalSection
	GlobalSection(SolutionProperties) = preSolution
		HideSolutionNode = FALSE
	EndGlobalSection
	GlobalSection(ExtensibilityGlobals) = postSolution
		SolutionGuid = {76EF87A4-B9E7-4C45-B83B-7976B2298BED}
	EndGlobalSection
EndGlobal
